
Microsoft Visual Studio Solution File, Format Version 12.00
# Visual Studio Version 16
VisualStudioVersion = 16.0.31025.194
MinimumVisualStudioVersion = 10.0.40219.1
Project("{9A19103F-16F7-4668-BE54-9A1E7A4F7556}") = "UdemyNLayerProject.API", "UdemyNLayerProject.API\UdemyNLayerProject.API.csproj", "{8FDB37AD-6546-4692-8CDD-051899111DC0}"
EndProject
Project("{9A19103F-16F7-4668-BE54-9A1E7A4F7556}") = "UdemyNLayerProject.Core", "UdemyNLayerProject.Core\UdemyNLayerProject.Core.csproj", "{1BE1F2BB-82FA-4E24-A947-5F85061FA34D}"
EndProject
Project("{9A19103F-16F7-4668-BE54-9A1E7A4F7556}") = "UdemyNLayerProject.Data", "UdemyNLayerProject.Data\UdemyNLayerProject.Data.csproj", "{E2E1C57C-44D2-4B4E-8BF3-2094F44719DA}"
EndProject
Project("{9A19103F-16F7-4668-BE54-9A1E7A4F7556}") = "UdemyNLayerProject.Service", "UdemyNLayerProject.Service\UdemyNLayerProject.Service.csproj", "{4B714E7C-9272-4132-8574-91F00A975D75}"
EndProject
Project("{FAE04EC0-301F-11D3-BF4B-00C04F79EFBC}") = "UdemyNLayerProject.Web", "UdemyNLayerProject.Web\UdemyNLayerProject.Web.csproj", "{557A3ACD-5298-438D-9EB5-B3C615AD5D73}"
EndProject
Global
	GlobalSection(SolutionConfigurationPlatforms) = preSolution
		Debug|Any CPU = Debug|Any CPU
		Release|Any CPU = Release|Any CPU
	EndGlobalSection
	GlobalSection(ProjectConfigurationPlatforms) = postSolution
		{8FDB37AD-6546-4692-8CDD-051899111DC0}.Debug|Any CPU.ActiveCfg = Debug|Any CPU
		{8FDB37AD-6546-4692-8CDD-051899111DC0}.Debug|Any CPU.Build.0 = Debug|Any CPU
		{8FDB37AD-6546-4692-8CDD-051899111DC0}.Release|Any CPU.ActiveCfg = Release|Any CPU
		{8FDB37AD-6546-4692-8CDD-051899111DC0}.Release|Any CPU.Build.0 = Release|Any CPU
		{1BE1F2BB-82FA-4E24-A947-5F85061FA34D}.Debug|Any CPU.ActiveCfg = Debug|Any CPU
		{1BE1F2BB-82FA-4E24-A947-5F85061FA34D}.Debug|Any CPU.Build.0 = Debug|Any CPU
		{1BE1F2BB-82FA-4E24-A947-5F85061FA34D}.Release|Any CPU.ActiveCfg = Release|Any CPU
		{1BE1F2BB-82FA-4E24-A947-5F85061FA34D}.Release|Any CPU.Build.0 = Release|Any CPU
		{E2E1C57C-44D2-4B4E-8BF3-2094F44719DA}.Debug|Any CPU.ActiveCfg = Debug|Any CPU
		{E2E1C57C-44D2-4B4E-8BF3-2094F44719DA}.Debug|Any CPU.Build.0 = Debug|Any CPU
		{E2E1C57C-44D2-4B4E-8BF3-2094F44719DA}.Release|Any CPU.ActiveCfg = Release|Any CPU
		{E2E1C57C-44D2-4B4E-8BF3-2094F44719DA}.Release|Any CPU.Build.0 = Release|Any CPU
		{4B714E7C-9272-4132-8574-91F00A975D75}.Debug|Any CPU.ActiveCfg = Debug|Any CPU
		{4B714E7C-9272-4132-8574-91F00A975D75}.Debug|Any CPU.Build.0 = Debug|Any CPU
		{4B714E7C-9272-4132-8574-91F00A975D75}.Release|Any CPU.ActiveCfg = Release|Any CPU
		{4B714E7C-9272-4132-8574-91F00A975D75}.Release|Any CPU.Build.0 = Release|Any CPU
		{557A3ACD-5298-438D-9EB5-B3C615AD5D73}.Debug|Any CPU.ActiveCfg = Debug|Any CPU
		{557A3ACD-5298-438D-9EB5-B3C615AD5D73}.Debug|Any CPU.Build.0 = Debug|Any CPU
		{557A3ACD-5298-438D-9EB5-B3C615AD5D73}.Release|Any CPU.ActiveCfg = Release|Any CPU
		{557A3ACD-5298-438D-9EB5-B3C615AD5D73}.Release|Any CPU.Build.0 = Release|Any CPU
	EndGlobalSection
	GlobalSection(SolutionProperties) = preSolution
		HideSolutionNode = FALSE
	EndGlobalSection
	GlobalSection(ExtensibilityGlobals) = postSolution
		SolutionGuid = {AC2D11AF-674E-476C-9029-C075B4528814}
	EndGlobalSection
EndGlobal
